Microsoft Visual Studio Solution File, Format Version 12.00
# Visual Studio Version 17
VisualStudioVersion = 17.5.2.0
MinimumVisualStudioVersion = 10.0.40219.1
Project("{FAE04EC0-301F-11D3-BF4B-00C04F79EFBC}") = "CreditCardValidator", "CreditCardValidator\CreditCardValidator.csproj", "{34BA2C41-B05C-C95C-FC0C-545718EA83AD}"
EndProject
Global
	GlobalSection(SolutionConfigurationPlatforms) = preSolution
		Debug|Any CPU = Debug|Any CPU
		Release|Any CPU = Release|Any CPU
	EndGlobalSection
	GlobalSection(ProjectConfigurationPlatforms) = postSolution
		{34BA2C41-B05C-C95C-FC0C-545718EA83AD}.Debug|Any CPU.ActiveCfg = Debug|Any CPU
		{34BA2C41-B05C-C95C-FC0C-545718EA83AD}.Debug|Any CPU.Build.0 = Debug|Any CPU
		{34BA2C41-B05C-C95C-FC0C-545718EA83AD}.Release|Any CPU.ActiveCfg = Release|Any CPU
		{34BA2C41-B05C-C95C-FC0C-545718EA83AD}.Release|Any CPU.Build.0 = Release|Any CPU
	EndGlobalSection
	GlobalSection(SolutionProperties) = preSolution
		HideSolutionNode = FALSE
	EndGlobalSection
	GlobalSection(ExtensibilityGlobals) = postSolution
		SolutionGuid = {2FA89654-C532-4AED-AF84-B7B695AD6071}
	EndGlobalSection
EndGlobal
